
Microsoft Visual Studio Solution File, Format Version 12.00
# Visual Studio 2013
VisualStudioVersion = 12.0.30110.0
MinimumVisualStudioVersion = 10.0.40219.1
Project("{FAE04EC0-301F-11D3-BF4B-00C04F79EFBC}") = "Logging", "Logging.csproj", "{4694DA4B-1443-44AB-9D18-1300D12748CC}"
EndProject
Global
	GlobalSection(SolutionConfigurationPlatforms) = preSolution
		Debug|Any CPU = Debug|Any CPU
		Release|Any CPU = Release|Any CPU
	EndGlobalSection
	GlobalSection(ProjectConfigurationPlatforms) = postSolution
		{4694DA4B-1443-44AB-9D18-1300D12748CC}.Debug|Any CPU.ActiveCfg = Debug|Any CPU
		{4694DA4B-1443-44AB-9D18-1300D12748CC}.Debug|Any CPU.Build.0 = Debug|Any CPU
		{4694DA4B-1443-44AB-9D18-1300D12748CC}.Release|Any CPU.ActiveCfg = Release|Any CPU
		{4694DA4B-1443-44AB-9D18-1300D12748CC}.Release|Any CPU.Build.0 = Release|Any CPU
	EndGlobalSection
	GlobalSection(SolutionProperties) = preSolution
		HideSolutionNode = FALSE
	EndGlobalSection
EndGlobal
